
Microsoft Visual Studio Solution File, Format Version 12.00
# Visual Studio Version 17
VisualStudioVersion = 17.4.33205.214
MinimumVisualStudioVersion = 10.0.40219.1
Project("{FAE04EC0-301F-11D3-BF4B-00C04F79EFBC}") = "GoCompilerC3", "GoCompilerC3\GoCompilerC3.csproj", "{DED5B9CA-AA2E-4C87-8AA8-874BC7A06724}"
EndProject
Global
	GlobalSection(SolutionConfigurationPlatforms) = preSolution
		Debug|Any CPU = Debug|Any CPU
		Release|Any CPU = Release|Any CPU
	EndGlobalSection
	GlobalSection(ProjectConfigurationPlatforms) = postSolution
		{DED5B9CA-AA2E-4C87-8AA8-874BC7A06724}.Debug|Any CPU.ActiveCfg = Debug|Any CPU
		{DED5B9CA-AA2E-4C87-8AA8-874BC7A06724}.Debug|Any CPU.Build.0 = Debug|Any CPU
		{DED5B9CA-AA2E-4C87-8AA8-874BC7A06724}.Release|Any CPU.ActiveCfg = Release|Any CPU
		{DED5B9CA-AA2E-4C87-8AA8-874BC7A06724}.Release|Any CPU.Build.0 = Release|Any CPU
	EndGlobalSection
	GlobalSection(SolutionProperties) = preSolution
		HideSolutionNode = FALSE
	EndGlobalSection
	GlobalSection(ExtensibilityGlobals) = postSolution
		SolutionGuid = {B7AE27A4-4D80-4092-A776-ACD920B45D20}
	EndGlobalSection
EndGlobal
